
Microsoft Visual Studio Solution File, Format Version 12.00
# Visual Studio 14
VisualStudioVersion = 14.0.23107.0
MinimumVisualStudioVersion = 10.0.40219.1
Project("{FAE04EC0-301F-11D3-BF4B-00C04F79EFBC}") = "SimonSays", "WindowsFormsApplication2\SimonSays.csproj", "{009B267A-616B-4AB9-91AC-4921139D60EC}"
EndProject
Project("{2150E333-8FDC-42A3-9474-1A3956D46DE8}") = "Solution Items", "Solution Items", "{E1F43765-09E3-4DCA-8909-63FC223F2F63}"
EndProject
Global
	GlobalSection(SolutionConfigurationPlatforms) = preSolution
		Debug|Any CPU = Debug|Any CPU
		Release|Any CPU = Release|Any CPU
	EndGlobalSection
	GlobalSection(ProjectConfigurationPlatforms) = postSolution
		{009B267A-616B-4AB9-91AC-4921139D60EC}.Debug|Any CPU.ActiveCfg = Debug|Any CPU
		{009B267A-616B-4AB9-91AC-4921139D60EC}.Debug|Any CPU.Build.0 = Debug|Any CPU
		{009B267A-616B-4AB9-91AC-4921139D60EC}.Release|Any CPU.ActiveCfg = Release|Any CPU
		{009B267A-616B-4AB9-91AC-4921139D60EC}.Release|Any CPU.Build.0 = Release|Any CPU
	EndGlobalSection
	GlobalSection(SolutionProperties) = preSolution
		HideSolutionNode = FALSE
	EndGlobalSection
EndGlobal
